{
  "name": "tui.editor-bundles",
  "lockfileVersion": 2,
  "requires": true,
  "packages": {
    "": {
      "dependencies": {
        "@toast-ui/editor": "^3.2.2",
        "@toast-ui/editor-plugin-chart": "^3.0.1",
        "@toast-ui/editor-plugin-code-syntax-highlight": "^3.1.0",
        "@toast-ui/editor-plugin-color-syntax": "^3.1.0",
        "@toast-ui/editor-plugin-table-merged-cell": "^3.1.0",
        "@toast-ui/editor-plugin-uml": "^3.0.1",
        "jquery": "^3.7.1"
      }
    },
    "node_modules/@toast-ui/chart": {
      "version": "4.6.1",
      "resolved": "https://registry.npmjs.org/@toast-ui/chart/-/chart-4.6.1.tgz",
      "integrity": "sha512-F35IkHS0U9zqN6xIV1Yj3/wh8KGlZyzT3bwVGBJh/82DMDMn8rD2Us8X7xBMBGcZ3E15qkfnKjrATxU5ZoGAnA=="
    },
    "node_modules/@toast-ui/editor": {
      "version": "3.2.2",
      "resolved": "https://registry.npmjs.org/@toast-ui/editor/-/editor-3.2.2.tgz",
      "integrity": "sha512-ASX7LFjN2ZYQJrwmkUajPs7DRr9FsM1+RQ82CfTO0Y5ZXorBk1VZS4C2Dpxinx9kl55V4F8/A2h2QF4QMDtRbA==",
      "dependencies": {
        "dompurify": "^2.3.3",
        "prosemirror-commands": "^1.1.9",
        "prosemirror-history": "^1.1.3",
        "prosemirror-inputrules": "^1.1.3",
        "prosemirror-keymap": "^1.1.4",
        "prosemirror-model": "^1.14.1",
        "prosemirror-state": "^1.3.4",
        "prosemirror-view": "^1.18.7"
      }
    },
    "node_modules/@toast-ui/editor-plugin-chart": {
      "version": "3.0.1",
      "resolved": "https://registry.npmjs.org/@toast-ui/editor-plugin-chart/-/editor-plugin-chart-3.0.1.tgz",
      "integrity": "sha512-mdqJerDo836kxKZEa3B6NZOJLrb+acRMkPIanYo//9GFPJcllG7KFdZU+K0bSMapEED7W7OJCsOzM0VNThndHg==",
      "dependencies": {
        "@toast-ui/chart": "^4.1.4"
      }
    },
    "node_modules/@toast-ui/editor-plugin-code-syntax-highlight": {
      "version": "3.1.0",
      "resolved": "https://registry.npmjs.org/@toast-ui/editor-plugin-code-syntax-highlight/-/editor-plugin-code-syntax-highlight-3.1.0.tgz",
      "integrity": "sha512-OgX5pZiTnHREoTTXDAFu1k6RzEspGOxeJNRlt/Lnoi1GvLbIpUTTbBcls9becpXT/Qdls++8G3r5C60cVdellA==",
      "dependencies": {
        "prismjs": "^1.23.0"
      }
    },
    "node_modules/@toast-ui/editor-plugin-color-syntax": {
      "version": "3.1.0",
      "resolved": "https://registry.npmjs.org/@toast-ui/editor-plugin-color-syntax/-/editor-plugin-color-syntax-3.1.0.tgz",
      "integrity": "sha512-UVKfMBPV+3snSaJn9RUKGbxJbgi92D2t68ow8wAjGezvMp1ht4UVETrvomdTGr+RYhXSeH3JvSwN9nmQqw0qzA==",
      "dependencies": {
        "tui-color-picker": "^2.2.6"
      }
    },
    "node_modules/@toast-ui/editor-plugin-table-merged-cell": {
      "version": "3.1.0",
      "resolved": "https://registry.npmjs.org/@toast-ui/editor-plugin-table-merged-cell/-/editor-plugin-table-merged-cell-3.1.0.tgz",
      "integrity": "sha512-9ch9h1heTs0Kkmhwpb1ef9psQSM77wvUO3J75BsHv3RO5nAug42W3HC4Y+qbX5n1z1VhOGGjuOb4GPIr8s5dRA=="
    },
    "node_modules/@toast-ui/editor-plugin-uml": {
      "version": "3.0.1",
      "resolved": "https://registry.npmjs.org/@toast-ui/editor-plugin-uml/-/editor-plugin-uml-3.0.1.tgz",
      "integrity": "sha512-KKvTB++lJkogOSBgtgJqli5nW76/fgxh0CvsHqKh5WQu2r6O+BTGPBG6oRy9PBfJvwN1g8YZ4ZLQGXSXDrtm1w==",
      "dependencies": {
        "plantuml-encoder": "^1.4.0"
      }
    },
    "node_modules/dompurify": {
      "version": "2.5.8",
      "resolved": "https://registry.npmjs.org/dompurify/-/dompurify-2.5.8.tgz",
      "integrity": "sha512-o1vSNgrmYMQObbSSvF/1brBYEQPHhV1+gsmrusO7/GXtp1T9rCS8cXFqVxK/9crT1jA6Ccv+5MTSjBNqr7Sovw=="
    },
    "node_modules/jquery": {
      "version": "3.7.1",
      "resolved": "https://registry.npmjs.org/jquery/-/jquery-3.7.1.tgz",
      "integrity": "sha512-m4avr8yL8kmFN8psrbFFFmB/If14iN5o9nw/NgnnM+kybDJpRsAynV2BsfpTYrTRysYUdADVD7CkUUizgkpLfg=="
    },
    "node_modules/orderedmap": {
      "version": "2.1.1",
      "resolved": "https://registry.npmjs.org/orderedmap/-/orderedmap-2.1.1.tgz",
      "integrity": "sha512-TvAWxi0nDe1j/rtMcWcIj94+Ffe6n7zhow33h40SKxmsmozs6dz/e+EajymfoFcHd7sxNn8yHM8839uixMOV6g=="
    },
    "node_modules/plantuml-encoder": {
      "version": "1.4.0",
      "resolved": "https://registry.npmjs.org/plantuml-encoder/-/plantuml-encoder-1.4.0.tgz",
      "integrity": "sha512-sxMwpDw/ySY1WB2CE3+IdMuEcWibJ72DDOsXLkSmEaSzwEUaYBT6DWgOfBiHGCux4q433X6+OEFWjlVqp7gL6g=="
    },
    "node_modules/prismjs": {
      "version": "1.30.0",
      "resolved": "https://registry.npmjs.org/prismjs/-/prismjs-1.30.0.tgz",
      "integrity": "sha512-DEvV2ZF2r2/63V+tK8hQvrR2ZGn10srHbXviTlcv7Kpzw8jWiNTqbVgjO3IY8RxrrOUF8VPMQQFysYYYv0YZxw==",
      "engines": {
        "node": ">=6"
      }
    },
    "node_modules/prosemirror-commands": {
      "version": "1.7.1",
      "resolved": "https://registry.npmjs.org/prosemirror-commands/-/prosemirror-commands-1.7.1.tgz",
      "integrity": "sha512-rT7qZnQtx5c0/y/KlYaGvtG411S97UaL6gdp6RIZ23DLHanMYLyfGBV5DtSnZdthQql7W+lEVbpSfwtO8T+L2w==",
      "dependencies": {
        "prosemirror-model": "^1.0.0",
        "prosemirror-state": "^1.0.0",
        "prosemirror-transform": "^1.10.2"
      }
    },
    "node_modules/prosemirror-history": {
      "version": "1.5.0",
      "resolved": "https://registry.npmjs.org/prosemirror-history/-/prosemirror-history-1.5.0.tgz",
      "integrity": "sha512-zlzTiH01eKA55UAf1MEjtssJeHnGxO0j4K4Dpx+gnmX9n+SHNlDqI2oO1Kv1iPN5B1dm5fsljCfqKF9nFL6HRg==",
      "dependencies": {
        "prosemirror-state": "^1.2.2",
        "prosemirror-transform": "^1.0.0",
        "prosemirror-view": "^1.31.0",
        "rope-sequence": "^1.3.0"
      }
    },
    "node_modules/prosemirror-inputrules": {
      "version": "1.5.1",
      "resolved": "https://registry.npmjs.org/prosemirror-inputrules/-/prosemirror-inputrules-1.5.1.tgz",
      "integrity": "sha512-7wj4uMjKaXWAQ1CDgxNzNtR9AlsuwzHfdFH1ygEHA2KHF2DOEaXl1CJfNPAKCg9qNEh4rum975QLaCiQPyY6Fw==",
      "dependencies": {
        "prosemirror-state": "^1.0.0",
        "prosemirror-transform": "^1.0.0"
      }
    },
    "node_modules/prosemirror-keymap": {
      "version": "1.2.3",
      "resolved": "https://registry.npmjs.org/prosemirror-keymap/-/prosemirror-keymap-1.2.3.tgz",
      "integrity": "sha512-4HucRlpiLd1IPQQXNqeo81BGtkY8Ai5smHhKW9jjPKRc2wQIxksg7Hl1tTI2IfT2B/LgX6bfYvXxEpJl7aKYKw==",
      "dependencies": {
        "prosemirror-state": "^1.0.0",
        "w3c-keyname": "^2.2.0"
      }
    },
    "node_modules/prosemirror-model": {
      "version": "1.25.4",
      "resolved": "https://registry.npmjs.org/prosemirror-model/-/prosemirror-model-1.25.4.tgz",
      "integrity": "sha512-PIM7E43PBxKce8OQeezAs9j4TP+5yDpZVbuurd1h5phUxEKIu+G2a+EUZzIC5nS1mJktDJWzbqS23n1tsAf5QA==",
      "dependencies": {
        "orderedmap": "^2.0.0"
      }
    },
    "node_modules/prosemirror-state": {
      "version": "1.4.4",
      "resolved": "https://registry.npmjs.org/prosemirror-state/-/prosemirror-state-1.4.4.tgz",
      "integrity": "sha512-6jiYHH2CIGbCfnxdHbXZ12gySFY/fz/ulZE333G6bPqIZ4F+TXo9ifiR86nAHpWnfoNjOb3o5ESi7J8Uz1jXHw==",
      "dependencies": {
        "prosemirror-model": "^1.0.0",
        "prosemirror-transform": "^1.0.0",
        "prosemirror-view": "^1.27.0"
      }
    },
    "node_modules/prosemirror-transform": {
      "version": "1.10.5",
      "resolved": "https://registry.npmjs.org/prosemirror-transform/-/prosemirror-transform-1.10.5.tgz",
      "integrity": "sha512-RPDQCxIDhIBb1o36xxwsaeAvivO8VLJcgBtzmOwQ64bMtsVFh5SSuJ6dWSxO1UsHTiTXPCgQm3PDJt7p6IOLbw==",
      "dependencies": {
        "prosemirror-model": "^1.21.0"
      }
    },
    "node_modules/prosemirror-view": {
      "version": "1.41.4",
      "resolved": "https://registry.npmjs.org/prosemirror-view/-/prosemirror-view-1.41.4.tgz",
      "integrity": "sha512-WkKgnyjNncri03Gjaz3IFWvCAE94XoiEgvtr0/r2Xw7R8/IjK3sKLSiDoCHWcsXSAinVaKlGRZDvMCsF1kbzjA==",
      "dependencies": {
        "prosemirror-model": "^1.20.0",
        "prosemirror-state": "^1.0.0",
        "prosemirror-transform": "^1.1.0"
      }
    },
    "node_modules/rope-sequence": {
      "version": "1.3.4",
      "resolved": "https://registry.npmjs.org/rope-sequence/-/rope-sequence-1.3.4.tgz",
      "integrity": "sha512-UT5EDe2cu2E/6O4igUr5PSFs23nvvukicWHx6GnOPlHAiiYbzNuCRQCuiUdHJQcqKalLKlrYJnjY0ySGsXNQXQ=="
    },
    "node_modules/tui-color-picker": {
      "version": "2.2.8",
      "resolved": "https://registry.npmjs.org/tui-color-picker/-/tui-color-picker-2.2.8.tgz",
      "integrity": "sha512-q5sE9NQ5NR9lYpilYjcI7Sdv0KCogo+W8fZY+AYTj/HYg+9fscYy3UuJ6UQiV1bF+ARCLwFRWC8UcOt9kuUctQ=="
    },
    "node_modules/w3c-keyname": {
      "version": "2.2.8",
      "resolved": "https://registry.npmjs.org/w3c-keyname/-/w3c-keyname-2.2.8.tgz",
      "integrity": "sha512-dpojBhNsCNN7T82Tm7k26A6G9ML3NkhDsnw9n/eoxSRlVBB4CEtIQ/KTCLI2Fwf3ataSXRhYFkQi3SlnFwPvPQ=="
    }
  },
  "dependencies": {
    "@toast-ui/chart": {
      "version": "4.6.1",
      "resolved": "https://registry.npmjs.org/@toast-ui/chart/-/chart-4.6.1.tgz",
      "integrity": "sha512-F35IkHS0U9zqN6xIV1Yj3/wh8KGlZyzT3bwVGBJh/82DMDMn8rD2Us8X7xBMBGcZ3E15qkfnKjrATxU5ZoGAnA=="
    },
    "@toast-ui/editor": {
      "version": "3.2.2",
      "resolved": "https://registry.npmjs.org/@toast-ui/editor/-/editor-3.2.2.tgz",
      "integrity": "sha512-ASX7LFjN2ZYQJrwmkUajPs7DRr9FsM1+RQ82CfTO0Y5ZXorBk1VZS4C2Dpxinx9kl55V4F8/A2h2QF4QMDtRbA==",
      "requires": {
        "dompurify": "^2.3.3",
        "prosemirror-commands": "^1.1.9",
        "prosemirror-history": "^1.1.3",
        "prosemirror-inputrules": "^1.1.3",
        "prosemirror-keymap": "^1.1.4",
        "prosemirror-model": "^1.14.1",
        "prosemirror-state": "^1.3.4",
        "prosemirror-view": "^1.18.7"
      }
    },
    "@toast-ui/editor-plugin-chart": {
      "version": "3.0.1",
      "resolved": "https://registry.npmjs.org/@toast-ui/editor-plugin-chart/-/editor-plugin-chart-3.0.1.tgz",
      "integrity": "sha512-mdqJerDo836kxKZEa3B6NZOJLrb+acRMkPIanYo//9GFPJcllG7KFdZU+K0bSMapEED7W7OJCsOzM0VNThndHg==",
      "requires": {
        "@toast-ui/chart": "^4.1.4"
      }
    },
    "@toast-ui/editor-plugin-code-syntax-highlight": {
      "version": "3.1.0",
      "resolved": "https://registry.npmjs.org/@toast-ui/editor-plugin-code-syntax-highlight/-/editor-plugin-code-syntax-highlight-3.1.0.tgz",
      "integrity": "sha512-OgX5pZiTnHREoTTXDAFu1k6RzEspGOxeJNRlt/Lnoi1GvLbIpUTTbBcls9becpXT/Qdls++8G3r5C60cVdellA==",
      "requires": {
        "prismjs": "^1.23.0"
      }
    },
    "@toast-ui/editor-plugin-color-syntax": {
      "version": "3.1.0",
      "resolved": "https://registry.npmjs.org/@toast-ui/editor-plugin-color-syntax/-/editor-plugin-color-syntax-3.1.0.tgz",
      "integrity": "sha512-UVKfMBPV+3snSaJn9RUKGbxJbgi92D2t68ow8wAjGezvMp1ht4UVETrvomdTGr+RYhXSeH3JvSwN9nmQqw0qzA==",
      "requires": {
        "tui-color-picker": "^2.2.6"
      }
    },
    "@toast-ui/editor-plugin-table-merged-cell": {
      "version": "3.1.0",
      "resolved": "https://registry.npmjs.org/@toast-ui/editor-plugin-table-merged-cell/-/editor-plugin-table-merged-cell-3.1.0.tgz",
      "integrity": "sha512-9ch9h1heTs0Kkmhwpb1ef9psQSM77wvUO3J75BsHv3RO5nAug42W3HC4Y+qbX5n1z1VhOGGjuOb4GPIr8s5dRA=="
    },
    "@toast-ui/editor-plugin-uml": {
      "version": "3.0.1",
      "resolved": "https://registry.npmjs.org/@toast-ui/editor-plugin-uml/-/editor-plugin-uml-3.0.1.tgz",
      "integrity": "sha512-KKvTB++lJkogOSBgtgJqli5nW76/fgxh0CvsHqKh5WQu2r6O+BTGPBG6oRy9PBfJvwN1g8YZ4ZLQGXSXDrtm1w==",
      "requires": {
        "plantuml-encoder": "^1.4.0"
      }
    },
    "dompurify": {
      "version": "2.5.8",
      "resolved": "https://registry.npmjs.org/dompurify/-/dompurify-2.5.8.tgz",
      "integrity": "sha512-o1vSNgrmYMQObbSSvF/1brBYEQPHhV1+gsmrusO7/GXtp1T9rCS8cXFqVxK/9crT1jA6Ccv+5MTSjBNqr7Sovw=="
    },
    "jquery": {
      "version": "3.7.1",
      "resolved": "https://registry.npmjs.org/jquery/-/jquery-3.7.1.tgz",
      "integrity": "sha512-m4avr8yL8kmFN8psrbFFFmB/If14iN5o9nw/NgnnM+kybDJpRsAynV2BsfpTYrTRysYUdADVD7CkUUizgkpLfg=="
    },
    "orderedmap": {
      "version": "2.1.1",
      "resolved": "https://registry.npmjs.org/orderedmap/-/orderedmap-2.1.1.tgz",
      "integrity": "sha512-TvAWxi0nDe1j/rtMcWcIj94+Ffe6n7zhow33h40SKxmsmozs6dz/e+EajymfoFcHd7sxNn8yHM8839uixMOV6g=="
    },
    "plantuml-encoder": {
      "version": "1.4.0",
      "resolved": "https://registry.npmjs.org/plantuml-encoder/-/plantuml-encoder-1.4.0.tgz",
      "integrity": "sha512-sxMwpDw/ySY1WB2CE3+IdMuEcWibJ72DDOsXLkSmEaSzwEUaYBT6DWgOfBiHGCux4q433X6+OEFWjlVqp7gL6g=="
    },
    "prismjs": {
      "version": "1.30.0",
      "resolved": "https://registry.npmjs.org/prismjs/-/prismjs-1.30.0.tgz",
      "integrity": "sha512-DEvV2ZF2r2/63V+tK8hQvrR2ZGn10srHbXviTlcv7Kpzw8jWiNTqbVgjO3IY8RxrrOUF8VPMQQFysYYYv0YZxw=="
    },
    "prosemirror-commands": {
      "version": "1.7.1",
      "resolved": "https://registry.npmjs.org/prosemirror-commands/-/prosemirror-commands-1.7.1.tgz",
      "integrity": "sha512-rT7qZnQtx5c0/y/KlYaGvtG411S97UaL6gdp6RIZ23DLHanMYLyfGBV5DtSnZdthQql7W+lEVbpSfwtO8T+L2w==",
      "requires": {
        "prosemirror-model": "^1.0.0",
        "prosemirror-state": "^1.0.0",
        "prosemirror-transform": "^1.10.2"
      }
    },
    "prosemirror-history": {
      "version": "1.5.0",
      "resolved": "https://registry.npmjs.org/prosemirror-history/-/prosemirror-history-1.5.0.tgz",
      "integrity": "sha512-zlzTiH01eKA55UAf1MEjtssJeHnGxO0j4K4Dpx+gnmX9n+SHNlDqI2oO1Kv1iPN5B1dm5fsljCfqKF9nFL6HRg==",
      "requires": {
        "prosemirror-state": "^1.2.2",
        "prosemirror-transform": "^1.0.0",
        "prosemirror-view": "^1.31.0",
        "rope-sequence": "^1.3.0"
      }
    },
    "prosemirror-inputrules": {
      "version": "1.5.1",
      "resolved": "https://registry.npmjs.org/prosemirror-inputrules/-/prosemirror-inputrules-1.5.1.tgz",
      "integrity": "sha512-7wj4uMjKaXWAQ1CDgxNzNtR9AlsuwzHfdFH1ygEHA2KHF2DOEaXl1CJfNPAKCg9qNEh4rum975QLaCiQPyY6Fw==",
      "requires": {
        "prosemirror-state": "^1.0.0",
        "prosemirror-transform": "^1.0.0"
      }
    },
    "prosemirror-keymap": {
      "version": "1.2.3",
      "resolved": "https://registry.npmjs.org/prosemirror-keymap/-/prosemirror-keymap-1.2.3.tgz",
      "integrity": "sha512-4HucRlpiLd1IPQQXNqeo81BGtkY8Ai5smHhKW9jjPKRc2wQIxksg7Hl1tTI2IfT2B/LgX6bfYvXxEpJl7aKYKw==",
      "requires": {
        "prosemirror-state": "^1.0.0",
        "w3c-keyname": "^2.2.0"
      }
    },
    "prosemirror-model": {
      "version": "1.25.4",
      "resolved": "https://registry.npmjs.org/prosemirror-model/-/prosemirror-model-1.25.4.tgz",
      "integrity": "sha512-PIM7E43PBxKce8OQeezAs9j4TP+5yDpZVbuurd1h5phUxEKIu+G2a+EUZzIC5nS1mJktDJWzbqS23n1tsAf5QA==",
      "requires": {
        "orderedmap": "^2.0.0"
      }
    },
    "prosemirror-state": {
      "version": "1.4.4",
      "resolved": "https://registry.npmjs.org/prosemirror-state/-/prosemirror-state-1.4.4.tgz",
      "integrity": "sha512-6jiYHH2CIGbCfnxdHbXZ12gySFY/fz/ulZE333G6bPqIZ4F+TXo9ifiR86nAHpWnfoNjOb3o5ESi7J8Uz1jXHw==",
      "requires": {
        "prosemirror-model": "^1.0.0",
        "prosemirror-transform": "^1.0.0",
        "prosemirror-view": "^1.27.0"
      }
    },
    "prosemirror-transform": {
      "version": "1.10.5",
      "resolved": "https://registry.npmjs.org/prosemirror-transform/-/prosemirror-transform-1.10.5.tgz",
      "integrity": "sha512-RPDQCxIDhIBb1o36xxwsaeAvivO8VLJcgBtzmOwQ64bMtsVFh5SSuJ6dWSxO1UsHTiTXPCgQm3PDJt7p6IOLbw==",
      "requires": {
        "prosemirror-model": "^1.21.0"
      }
    },
    "prosemirror-view": {
      "version": "1.41.4",
      "resolved": "https://registry.npmjs.org/prosemirror-view/-/prosemirror-view-1.41.4.tgz",
      "integrity": "sha512-WkKgnyjNncri03Gjaz3IFWvCAE94XoiEgvtr0/r2Xw7R8/IjK3sKLSiDoCHWcsXSAinVaKlGRZDvMCsF1kbzjA==",
      "requires": {
        "prosemirror-model": "^1.20.0",
        "prosemirror-state": "^1.0.0",
        "prosemirror-transform": "^1.1.0"
      }
    },
    "rope-sequence": {
      "version": "1.3.4",
      "resolved": "https://registry.npmjs.org/rope-sequence/-/rope-sequence-1.3.4.tgz",
      "integrity": "sha512-UT5EDe2cu2E/6O4igUr5PSFs23nvvukicWHx6GnOPlHAiiYbzNuCRQCuiUdHJQcqKalLKlrYJnjY0ySGsXNQXQ=="
    },
    "tui-color-picker": {
      "version": "2.2.8",
      "resolved": "https://registry.npmjs.org/tui-color-picker/-/tui-color-picker-2.2.8.tgz",
      "integrity": "sha512-q5sE9NQ5NR9lYpilYjcI7Sdv0KCogo+W8fZY+AYTj/HYg+9fscYy3UuJ6UQiV1bF+ARCLwFRWC8UcOt9kuUctQ=="
    },
    "w3c-keyname": {
      "version": "2.2.8",
      "resolved": "https://registry.npmjs.org/w3c-keyname/-/w3c-keyname-2.2.8.tgz",
      "integrity": "sha512-dpojBhNsCNN7T82Tm7k26A6G9ML3NkhDsnw9n/eoxSRlVBB4CEtIQ/KTCLI2Fwf3ataSXRhYFkQi3SlnFwPvPQ=="
    }
  }
}
